
Microsoft Visual Studio Solution File, Format Version 12.00
# Visual Studio Version 16
VisualStudioVersion = 16.0.29025.244
MinimumVisualStudioVersion = 10.0.40219.1
Project("{9A19103F-16F7-4668-BE54-9A1E7A4F7556}") = "NetBox", "NetBox.csproj", "{6FCBF553-E2E1-4CBB-ABEC-377F7A57CF0F}"
EndProject
Project("{2150E333-8FDC-42A3-9474-1A3956D46DE8}") = "Solution Items", "Solution Items", "{10A98DAC-5F14-4A21-8FEF-6FB8F1711EA2}"
	ProjectSection(SolutionItems) = preProject
		.github\workflows\validate.yml = .github\workflows\validate.yml
	EndProjectSection
EndProject
Global
	GlobalSection(SolutionConfigurationPlatforms) = preSolution
		Debug|Any CPU = Debug|Any CPU
		Release|Any CPU = Release|Any CPU
	EndGlobalSection
	GlobalSection(ProjectConfigurationPlatforms) = postSolution
		{6FCBF553-E2E1-4CBB-ABEC-377F7A57CF0F}.Debug|Any CPU.ActiveCfg = Debug|Any CPU
		{6FCBF553-E2E1-4CBB-ABEC-377F7A57CF0F}.Debug|Any CPU.Build.0 = Debug|Any CPU
		{6FCBF553-E2E1-4CBB-ABEC-377F7A57CF0F}.Release|Any CPU.ActiveCfg = Release|Any CPU
		{6FCBF553-E2E1-4CBB-ABEC-377F7A57CF0F}.Release|Any CPU.Build.0 = Release|Any CPU
	EndGlobalSection
	GlobalSection(SolutionProperties) = preSolution
		HideSolutionNode = FALSE
	EndGlobalSection
	GlobalSection(ExtensibilityGlobals) = postSolution
		SolutionGuid = {554CAD90-DD04-4101-BF43-916BB0E346DF}
	EndGlobalSection
EndGlobal
