
Microsoft Visual Studio Solution File, Format Version 12.00
# Visual Studio Version 17
VisualStudioVersion = 17.2.32526.322
MinimumVisualStudioVersion = 10.0.40219.1
Project("{2150E333-8FDC-42A3-9474-1A3956D46DE8}") = "Solution Items", "Solution Items", "{D00BF189-0CE1-4E4C-AED6-1DB5FA8E4A1A}"
	ProjectSection(SolutionItems) = preProject
		..\.editorconfig = ..\.editorconfig
		..\.gitignore = ..\.gitignore
		..\.github\workflows\build.yml = ..\.github\workflows\build.yml
		..\docs\README.md = ..\docs\README.md
		..\docs\release-history.md = ..\docs\release-history.md
		..\.github\workflows\release.yml = ..\.github\workflows\release.yml
	EndProjectSection
EndProject
Project("{9A19103F-16F7-4668-BE54-9A1E7A4F7556}") = "Stowage", "Stowage\Stowage.csproj", "{5DA26809-911E-41B8-833B-22B70B697E89}"
EndProject
Project("{9A19103F-16F7-4668-BE54-9A1E7A4F7556}") = "Stowage.Test", "Stowage.Test\Stowage.Test.csproj", "{D6FBF520-3DE8-4D5D-867F-D2D3A48D316A}"
EndProject
Project("{FAE04EC0-301F-11D3-BF4B-00C04F79EFBC}") = "Stowage.Terminal", "Stowage.Terminal\Stowage.Terminal.csproj", "{A4A3A44C-7ABD-412C-9CB5-A2D7874F2169}"
EndProject
Global
	GlobalSection(SolutionConfigurationPlatforms) = preSolution
		Debug|Any CPU = Debug|Any CPU
		Release|Any CPU = Release|Any CPU
	EndGlobalSection
	GlobalSection(ProjectConfigurationPlatforms) = postSolution
		{5DA26809-911E-41B8-833B-22B70B697E89}.Debug|Any CPU.ActiveCfg = Debug|Any CPU
		{5DA26809-911E-41B8-833B-22B70B697E89}.Debug|Any CPU.Build.0 = Debug|Any CPU
		{5DA26809-911E-41B8-833B-22B70B697E89}.Release|Any CPU.ActiveCfg = Release|Any CPU
		{5DA26809-911E-41B8-833B-22B70B697E89}.Release|Any CPU.Build.0 = Release|Any CPU
		{D6FBF520-3DE8-4D5D-867F-D2D3A48D316A}.Debug|Any CPU.ActiveCfg = Debug|Any CPU
		{D6FBF520-3DE8-4D5D-867F-D2D3A48D316A}.Debug|Any CPU.Build.0 = Debug|Any CPU
		{D6FBF520-3DE8-4D5D-867F-D2D3A48D316A}.Release|Any CPU.ActiveCfg = Release|Any CPU
		{D6FBF520-3DE8-4D5D-867F-D2D3A48D316A}.Release|Any CPU.Build.0 = Release|Any CPU
		{A4A3A44C-7ABD-412C-9CB5-A2D7874F2169}.Debug|Any CPU.ActiveCfg = Debug|Any CPU
		{A4A3A44C-7ABD-412C-9CB5-A2D7874F2169}.Debug|Any CPU.Build.0 = Debug|Any CPU
		{A4A3A44C-7ABD-412C-9CB5-A2D7874F2169}.Release|Any CPU.ActiveCfg = Release|Any CPU
		{A4A3A44C-7ABD-412C-9CB5-A2D7874F2169}.Release|Any CPU.Build.0 = Release|Any CPU
	EndGlobalSection
	GlobalSection(SolutionProperties) = preSolution
		HideSolutionNode = FALSE
	EndGlobalSection
	GlobalSection(ExtensibilityGlobals) = postSolution
		SolutionGuid = {225F095E-A141-402C-BAFC-B560B8B5BE5B}
	EndGlobalSection
EndGlobal
